
Microsoft Visual Studio Solution File, Format Version 12.00
# Visual Studio Version 17
VisualStudioVersion = 17.2.32630.192
MinimumVisualStudioVersion = 10.0.40219.1
Project("{8BC9CEB8-8B4A-11D0-8D11-00A0C91BC942}") = "16.3.2023", "16.3.2023\16.3.2023.vcxproj", "{FEAC6F48-81EE-4CBC-86DA-AD0A7C73E27C}"
EndProject
Global
	GlobalSection(SolutionConfigurationPlatforms) = preSolution
		Debug|x64 = Debug|x64
		Debug|x86 = Debug|x86
		Release|x64 = Release|x64
		Release|x86 = Release|x86
	EndGlobalSection
	GlobalSection(ProjectConfigurationPlatforms) = postSolution
		{FEAC6F48-81EE-4CBC-86DA-AD0A7C73E27C}.Debug|x64.ActiveCfg = Debug|x64
		{FEAC6F48-81EE-4CBC-86DA-AD0A7C73E27C}.Debug|x64.Build.0 = Debug|x64
		{FEAC6F48-81EE-4CBC-86DA-AD0A7C73E27C}.Debug|x86.ActiveCfg = Debug|Win32
		{FEAC6F48-81EE-4CBC-86DA-AD0A7C73E27C}.Debug|x86.Build.0 = Debug|Win32
		{FEAC6F48-81EE-4CBC-86DA-AD0A7C73E27C}.Release|x64.ActiveCfg = Release|x64
		{FEAC6F48-81EE-4CBC-86DA-AD0A7C73E27C}.Release|x64.Build.0 = Release|x64
		{FEAC6F48-81EE-4CBC-86DA-AD0A7C73E27C}.Release|x86.ActiveCfg = Release|Win32
		{FEAC6F48-81EE-4CBC-86DA-AD0A7C73E27C}.Release|x86.Build.0 = Release|Win32
	EndGlobalSection
	GlobalSection(SolutionProperties) = preSolution
		HideSolutionNode = FALSE
	EndGlobalSection
	GlobalSection(ExtensibilityGlobals) = postSolution
		SolutionGuid = {BEC778A7-A0B0-47AE-947D-BBC0C2F68003}
	EndGlobalSection
EndGlobal
